
Microsoft Visual Studio Solution File, Format Version 12.00
# Visual Studio Version 17
VisualStudioVersion = 17.13.35919.96 d17.13
MinimumVisualStudioVersion = 10.0.40219.1
Project("{8BC9CEB8-8B4A-11D0-8D11-00A0C91BC942}") = "菜鸟驿站物流管理系统", "菜鸟驿站物流管理系统.vcxproj", "{A5BDED9E-F476-42AF-B18D-18CDFFEF5C8D}"
EndProject
Global
	GlobalSection(SolutionConfigurationPlatforms) = preSolution
		Debug|x64 = Debug|x64
		Debug|x86 = Debug|x86
		Release|x64 = Release|x64
		Release|x86 = Release|x86
	EndGlobalSection
	GlobalSection(ProjectConfigurationPlatforms) = postSolution
		{A5BDED9E-F476-42AF-B18D-18CDFFEF5C8D}.Debug|x64.ActiveCfg = Debug|x64
		{A5BDED9E-F476-42AF-B18D-18CDFFEF5C8D}.Debug|x64.Build.0 = Debug|x64
		{A5BDED9E-F476-42AF-B18D-18CDFFEF5C8D}.Debug|x86.ActiveCfg = Debug|Win32
		{A5BDED9E-F476-42AF-B18D-18CDFFEF5C8D}.Debug|x86.Build.0 = Debug|Win32
		{A5BDED9E-F476-42AF-B18D-18CDFFEF5C8D}.Release|x64.ActiveCfg = Release|x64
		{A5BDED9E-F476-42AF-B18D-18CDFFEF5C8D}.Release|x64.Build.0 = Release|x64
		{A5BDED9E-F476-42AF-B18D-18CDFFEF5C8D}.Release|x86.ActiveCfg = Release|Win32
		{A5BDED9E-F476-42AF-B18D-18CDFFEF5C8D}.Release|x86.Build.0 = Release|Win32
	EndGlobalSection
	GlobalSection(SolutionProperties) = preSolution
		HideSolutionNode = FALSE
	EndGlobalSection
	GlobalSection(ExtensibilityGlobals) = postSolution
		SolutionGuid = {01422C9B-BDC9-402F-AFB0-C9CA6CF95888}
	EndGlobalSection
EndGlobal
